
Microsoft Visual Studio Solution File, Format Version 12.00
# Visual Studio Version 16
VisualStudioVersion = 16.0.31410.357
MinimumVisualStudioVersion = 10.0.40219.1
Project("{FAE04EC0-301F-11D3-BF4B-00C04F79EFBC}") = "FindHome.Web", "FindHome.Web\FindHome.Web.csproj", "{89705A24-998C-4718-8171-DB5AC48DF249}"
EndProject
Global
	GlobalSection(SolutionConfigurationPlatforms) = preSolution
		Debug|Any CPU = Debug|Any CPU
		Release|Any CPU = Release|Any CPU
	EndGlobalSection
	GlobalSection(ProjectConfigurationPlatforms) = postSolution
		{89705A24-998C-4718-8171-DB5AC48DF249}.Debug|Any CPU.ActiveCfg = Debug|Any CPU
		{89705A24-998C-4718-8171-DB5AC48DF249}.Debug|Any CPU.Build.0 = Debug|Any CPU
		{89705A24-998C-4718-8171-DB5AC48DF249}.Release|Any CPU.ActiveCfg = Release|Any CPU
		{89705A24-998C-4718-8171-DB5AC48DF249}.Release|Any CPU.Build.0 = Release|Any CPU
	EndGlobalSection
	GlobalSection(SolutionProperties) = preSolution
		HideSolutionNode = FALSE
	EndGlobalSection
	GlobalSection(ExtensibilityGlobals) = postSolution
		SolutionGuid = {34807B7C-57D3-4497-B815-1FE090EECA6E}
	EndGlobalSection
EndGlobal
