
Microsoft Visual Studio Solution File, Format Version 12.00
# Visual Studio Version 16
VisualStudioVersion = 16.0.31410.357
MinimumVisualStudioVersion = 10.0.40219.1
Project("{9A19103F-16F7-4668-BE54-9A1E7A4F7556}") = "FindHome.Web", "FindHome.Web\FindHome.Web.csproj", "{89705A24-998C-4718-8171-DB5AC48DF249}"
EndProject
Project("{FAE04EC0-301F-11D3-BF4B-00C04F79EFBC}") = "FindHome.Data", "FindHome.Data\FindHome.Data.csproj", "{4C2F87D0-4599-4910-8121-66AB7E1BF8A8}"
EndProject
Project("{FAE04EC0-301F-11D3-BF4B-00C04F79EFBC}") = "FindHome.Models", "FindHome.Models\FindHome.Models.csproj", "{B7299825-EBAC-4FA0-B7D0-2B259F89FEB1}"
EndProject
Project("{FAE04EC0-301F-11D3-BF4B-00C04F79EFBC}") = "FindHome.Services", "FindHome.Services\FindHome.Services.csproj", "{4C74A3B9-D245-456C-BBA0-9B7244CD233F}"
EndProject
Global
	GlobalSection(SolutionConfigurationPlatforms) = preSolution
		Debug|Any CPU = Debug|Any CPU
		Release|Any CPU = Release|Any CPU
	EndGlobalSection
	GlobalSection(ProjectConfigurationPlatforms) = postSolution
		{89705A24-998C-4718-8171-DB5AC48DF249}.Debug|Any CPU.ActiveCfg = Debug|Any CPU
		{89705A24-998C-4718-8171-DB5AC48DF249}.Debug|Any CPU.Build.0 = Debug|Any CPU
		{89705A24-998C-4718-8171-DB5AC48DF249}.Release|Any CPU.ActiveCfg = Release|Any CPU
		{89705A24-998C-4718-8171-DB5AC48DF249}.Release|Any CPU.Build.0 = Release|Any CPU
		{4C2F87D0-4599-4910-8121-66AB7E1BF8A8}.Debug|Any CPU.ActiveCfg = Debug|Any CPU
		{4C2F87D0-4599-4910-8121-66AB7E1BF8A8}.Debug|Any CPU.Build.0 = Debug|Any CPU
		{4C2F87D0-4599-4910-8121-66AB7E1BF8A8}.Release|Any CPU.ActiveCfg = Release|Any CPU
		{4C2F87D0-4599-4910-8121-66AB7E1BF8A8}.Release|Any CPU.Build.0 = Release|Any CPU
		{B7299825-EBAC-4FA0-B7D0-2B259F89FEB1}.Debug|Any CPU.ActiveCfg = Debug|Any CPU
		{B7299825-EBAC-4FA0-B7D0-2B259F89FEB1}.Debug|Any CPU.Build.0 = Debug|Any CPU
		{B7299825-EBAC-4FA0-B7D0-2B259F89FEB1}.Release|Any CPU.ActiveCfg = Release|Any CPU
		{B7299825-EBAC-4FA0-B7D0-2B259F89FEB1}.Release|Any CPU.Build.0 = Release|Any CPU
		{4C74A3B9-D245-456C-BBA0-9B7244CD233F}.Debug|Any CPU.ActiveCfg = Debug|Any CPU
		{4C74A3B9-D245-456C-BBA0-9B7244CD233F}.Debug|Any CPU.Build.0 = Debug|Any CPU
		{4C74A3B9-D245-456C-BBA0-9B7244CD233F}.Release|Any CPU.ActiveCfg = Release|Any CPU
		{4C74A3B9-D245-456C-BBA0-9B7244CD233F}.Release|Any CPU.Build.0 = Release|Any CPU
	EndGlobalSection
	GlobalSection(SolutionProperties) = preSolution
		HideSolutionNode = FALSE
	EndGlobalSection
	GlobalSection(ExtensibilityGlobals) = postSolution
		SolutionGuid = {34807B7C-57D3-4497-B815-1FE090EECA6E}
	EndGlobalSection
EndGlobal
